{
  "nodes": {
    "home-manager": {
      "inputs": {
        "nixpkgs": [
          "nixpkgs"
        ]
      },
      "locked": {
        "lastModified": 1718530513,
        "narHash": "sha256-BmO8d0r+BVlwWtMLQEYnwmngqdXIuyFzMwvmTcLMee8=",
        "owner": "nix-community",
        "repo": "home-manager",
        "rev": "a1fddf0967c33754271761d91a3d921772b30d0e",
        "type": "github"
      },
      "original": {
        "owner": "nix-community",
        "ref": "release-24.05",
        "repo": "home-manager",
        "type": "github"
      }
    },
    "minimal-tmux": {
      "inputs": {
        "nixpkgs": [
          "nixpkgs"
        ]
      },
      "locked": {
        "lastModified": 1718553171,
        "narHash": "sha256-cwWoKsiDLSlSLis5tzqP2kFwTbl9PlzMYNdo2lDk0So=",
        "owner": "niksingh710",
        "repo": "minimal-tmux-status",
        "rev": "131306e6924a8e71dfc6be20dd1a10441248c690",
        "type": "github"
      },
      "original": {
        "owner": "niksingh710",
        "repo": "minimal-tmux-status",
        "type": "github"
      }
    },
    "nixpkgs": {
      "locked": {
        "lastModified": 1718437845,
        "narHash": "sha256-ZT7Oc1g4I4pHVGGjQFnewFVDRLH5cIZhEzODLz9YXeY=",
        "owner": "NixOS",
        "repo": "nixpkgs",
        "rev": "752c634c09ceb50c45e751f8791cb45cb3d46c9e",
        "type": "github"
      },
      "original": {
        "id": "nixpkgs",
        "ref": "nixos-24.05",
        "type": "indirect"
      }
    },
    "nixpkgs-unstable": {
      "locked": {
        "lastModified": 1718318537,
        "narHash": "sha256-4Zu0RYRcAY/VWuu6awwq4opuiD//ahpc2aFHg2CWqFY=",
        "owner": "NixOS",
        "repo": "nixpkgs",
        "rev": "e9ee548d90ff586a6471b4ae80ae9cfcbceb3420",
        "type": "github"
      },
      "original": {
        "id": "nixpkgs",
        "ref": "nixos-unstable",
        "type": "indirect"
      }
    },
    "nvim": {
      "inputs": {
        "nixpkgs": [
          "nixpkgs"
        ]
      },
      "locked": {
        "lastModified": 1719324190,
        "narHash": "sha256-PpkRAJcRxn9229AUFmxQ3TPW/8aBNpgbWX90wJhjTTs=",
        "owner": "SegfaultSorcery",
        "repo": "nvim-flake",
        "rev": "cbafa39d13501d1498a5fe45a724f09b010c1d6b",
        "type": "github"
      },
      "original": {
        "owner": "SegfaultSorcery",
        "repo": "nvim-flake",
        "type": "github"
      }
    },
    "root": {
      "inputs": {
        "home-manager": "home-manager",
        "minimal-tmux": "minimal-tmux",
        "nixpkgs": "nixpkgs",
        "nixpkgs-unstable": "nixpkgs-unstable",
        "nvim": "nvim"
      }
    }
  },
  "root": "root",
  "version": 7
}
