{
  "nodes": {
    "awesome-config": {
      "flake": false,
      "locked": {
        "lastModified": 1725815085,
        "narHash": "sha256-/YyMfku4dILg76P2xqeTcalS1ShxUgxYsN79pVF0yxI=",
        "owner": "SegfaultSorcery",
        "repo": "awesome-config",
        "rev": "4c8d910633282806057f6011f89fdba82505f311",
        "type": "github"
      },
      "original": {
        "owner": "SegfaultSorcery",
        "repo": "awesome-config",
        "type": "github"
      }
    },
    "gdb-peda": {
      "flake": false,
      "locked": {
        "lastModified": 1609640273,
        "narHash": "sha256-vtNJ9WHCUtZmIn/IXwwtKrZx1i/az+gMmW6fLd67QYQ=",
        "owner": "longld",
        "repo": "peda",
        "rev": "84d38bda505941ba823db7f6c1bcca1e485a2d43",
        "type": "github"
      },
      "original": {
        "owner": "longld",
        "repo": "peda",
        "type": "github"
      }
    },
    "home-manager": {
      "inputs": {
        "nixpkgs": [
          "nixpkgs"
        ]
      },
      "locked": {
        "lastModified": 1720042825,
        "narHash": "sha256-A0vrUB6x82/jvf17qPCpxaM+ulJnD8YZwH9Ci0BsAzE=",
        "owner": "nix-community",
        "repo": "home-manager",
        "rev": "e1391fb22e18a36f57e6999c7a9f966dc80ac073",
        "type": "github"
      },
      "original": {
        "owner": "nix-community",
        "ref": "release-24.05",
        "repo": "home-manager",
        "type": "github"
      }
    },
    "minimal-tmux": {
      "inputs": {
        "nixpkgs": [
          "nixpkgs"
        ]
      },
      "locked": {
        "lastModified": 1721133318,
        "narHash": "sha256-lDPT3XRH14Z5WTdtWhgiYa8FjQHeYFCY7Dpy9xU8vyM=",
        "owner": "niksingh710",
        "repo": "minimal-tmux-status",
        "rev": "86de1697b6b0522ebd36b5fe83c5fd9b7e30f15f",
        "type": "github"
      },
      "original": {
        "owner": "niksingh710",
        "repo": "minimal-tmux-status",
        "type": "github"
      }
    },
    "nix-systems": {
      "locked": {
        "lastModified": 1681028828,
        "narHash": "sha256-Vy1rq5AaRuLzOxct8nz4T6wlgyUR7zLU309k9mBC768=",
        "owner": "nix-systems",
        "repo": "default",
        "rev": "da67096a3b9bf56a91d16901293e51ba5b49a27e",
        "type": "github"
      },
      "original": {
        "owner": "nix-systems",
        "repo": "default",
        "type": "github"
      }
    },
    "nixos-hardware": {
      "locked": {
        "lastModified": 1724878143,
        "narHash": "sha256-UjpKo92iZ25M05kgSOw/Ti6VZwpgdlOa73zHj8OcaDk=",
        "owner": "NixOS",
        "repo": "nixos-hardware",
        "rev": "95c3dfe6ef2e96ddc1ccdd7194e3cda02ca9a8ef",
        "type": "github"
      },
      "original": {
        "owner": "NixOS",
        "ref": "master",
        "repo": "nixos-hardware",
        "type": "github"
      }
    },
    "nixpkgs": {
      "locked": {
        "lastModified": 1725001927,
        "narHash": "sha256-eV+63gK0Mp7ygCR0Oy4yIYSNcum2VQwnZamHxYTNi+M=",
        "owner": "NixOS",
        "repo": "nixpkgs",
        "rev": "6e99f2a27d600612004fbd2c3282d614bfee6421",
        "type": "github"
      },
      "original": {
        "id": "nixpkgs",
        "ref": "nixos-24.05",
        "type": "indirect"
      }
    },
    "nixpkgs-unstable": {
      "locked": {
        "lastModified": 1724819573,
        "narHash": "sha256-GnR7/ibgIH1vhoy8cYdmXE6iyZqKqFxQSVkFgosBh6w=",
        "owner": "NixOS",
        "repo": "nixpkgs",
        "rev": "71e91c409d1e654808b2621f28a327acfdad8dc2",
        "type": "github"
      },
      "original": {
        "id": "nixpkgs",
        "ref": "nixos-unstable",
        "type": "indirect"
      }
    },
    "nixpkgs-unstable_2": {
      "locked": {
        "lastModified": 1722185531,
        "narHash": "sha256-veKR07psFoJjINLC8RK4DiLniGGMgF3QMlS4tb74S6k=",
        "owner": "NixOS",
        "repo": "nixpkgs",
        "rev": "52ec9ac3b12395ad677e8b62106f0b98c1f8569d",
        "type": "github"
      },
      "original": {
        "id": "nixpkgs",
        "ref": "nixos-unstable",
        "type": "indirect"
      }
    },
    "nvim-custom": {
      "inputs": {
        "nix-systems": "nix-systems",
        "nixpkgs": [
          "nixpkgs"
        ],
        "nixpkgs-unstable": "nixpkgs-unstable_2"
      },
      "locked": {
        "lastModified": 1724877172,
        "narHash": "sha256-G9cMMun0h4TEGlIFU8hbvntc2XhpMhaVjpGSTovYnFY=",
        "owner": "SegfaultSorcery",
        "repo": "nvim-flake",
        "rev": "86f11f70f16d5f7759b3552f5da5361ffc30e4aa",
        "type": "github"
      },
      "original": {
        "owner": "SegfaultSorcery",
        "repo": "nvim-flake",
        "type": "github"
      }
    },
    "root": {
      "inputs": {
        "awesome-config": "awesome-config",
        "gdb-peda": "gdb-peda",
        "home-manager": "home-manager",
        "minimal-tmux": "minimal-tmux",
        "nixos-hardware": "nixos-hardware",
        "nixpkgs": "nixpkgs",
        "nixpkgs-unstable": "nixpkgs-unstable",
        "nvim-custom": "nvim-custom",
        "wallpapers": "wallpapers"
      }
    },
    "wallpapers": {
      "flake": false,
      "locked": {
        "lastModified": 1725707184,
        "narHash": "sha256-zXaorz1cFMBOeM9UCd2liFQatlasphIOTBzGO2yLVrU=",
        "owner": "SegfaultSorcery",
        "repo": "wallpapers",
        "rev": "8886936f84e0fadfd6ec3f942b263a1ef219992c",
        "type": "github"
      },
      "original": {
        "owner": "SegfaultSorcery",
        "repo": "wallpapers",
        "type": "github"
      }
    }
  },
  "root": "root",
  "version": 7
}
